
Microsoft Visual Studio Solution File, Format Version 12.00
# Visual Studio Version 17
VisualStudioVersion = 17.13.35825.156 d17.13
MinimumVisualStudioVersion = 10.0.40219.1
Project("{FAE04EC0-301F-11D3-BF4B-00C04F79EFBC}") = "Minimercados_Unidos", "Minimercados_Unidos\Minimercados_Unidos.csproj", "{244A136B-1508-4025-8962-C2D936C1CEBA}"
EndProject
Global
	GlobalSection(SolutionConfigurationPlatforms) = preSolution
		Debug|Any CPU = Debug|Any CPU
		Release|Any CPU = Release|Any CPU
	EndGlobalSection
	GlobalSection(ProjectConfigurationPlatforms) = postSolution
		{244A136B-1508-4025-8962-C2D936C1CEBA}.Debug|Any CPU.ActiveCfg = Debug|Any CPU
		{244A136B-1508-4025-8962-C2D936C1CEBA}.Debug|Any CPU.Build.0 = Debug|Any CPU
		{244A136B-1508-4025-8962-C2D936C1CEBA}.Release|Any CPU.ActiveCfg = Release|Any CPU
		{244A136B-1508-4025-8962-C2D936C1CEBA}.Release|Any CPU.Build.0 = Release|Any CPU
	EndGlobalSection
	GlobalSection(SolutionProperties) = preSolution
		HideSolutionNode = FALSE
	EndGlobalSection
	GlobalSection(ExtensibilityGlobals) = postSolution
		SolutionGuid = {441601F5-7041-403D-8558-216F831BB9BE}
	EndGlobalSection
EndGlobal
